
Microsoft Visual Studio Solution File, Format Version 12.00
# Visual Studio Version 17
VisualStudioVersion = 17.4.33110.190
MinimumVisualStudioVersion = 10.0.40219.1
Project("{9A19103F-16F7-4668-BE54-9A1E7A4F7556}") = "VayCayPlannerWeb", "VayCayPlannerWeb\VayCayPlannerWeb.csproj", "{A0DE43BB-DC33-43B1-9CFA-BC90ECBFEEA9}"
EndProject
Project("{2150E333-8FDC-42A3-9474-1A3956D46DE8}") = "DeveloperNotes", "DeveloperNotes", "{C04A2F58-5402-4BF2-BBD3-BE44045D0009}"
	ProjectSection(SolutionItems) = preProject
		Readme.txt = Readme.txt
	EndProjectSection
EndProject
Project("{2150E333-8FDC-42A3-9474-1A3956D46DE8}") = "Services", "Services", "{62F5F1D8-6050-4B06-8D43-52B9DF133CB6}"
EndProject
Global
	GlobalSection(SolutionConfigurationPlatforms) = preSolution
		Debug|Any CPU = Debug|Any CPU
		Release|Any CPU = Release|Any CPU
	EndGlobalSection
	GlobalSection(ProjectConfigurationPlatforms) = postSolution
		{A0DE43BB-DC33-43B1-9CFA-BC90ECBFEEA9}.Debug|Any CPU.ActiveCfg = Debug|Any CPU
		{A0DE43BB-DC33-43B1-9CFA-BC90ECBFEEA9}.Debug|Any CPU.Build.0 = Debug|Any CPU
		{A0DE43BB-DC33-43B1-9CFA-BC90ECBFEEA9}.Release|Any CPU.ActiveCfg = Release|Any CPU
		{A0DE43BB-DC33-43B1-9CFA-BC90ECBFEEA9}.Release|Any CPU.Build.0 = Release|Any CPU
	EndGlobalSection
	GlobalSection(SolutionProperties) = preSolution
		HideSolutionNode = FALSE
	EndGlobalSection
	GlobalSection(ExtensibilityGlobals) = postSolution
		SolutionGuid = {F5D8B224-C281-4433-B05A-545A4B9DB4C4}
	EndGlobalSection
EndGlobal
